# This file is automatically @generated by Cargo.
# It is not intended for manual editing.
version = 3

[[package]]
name = "aristo"
version = "0.0.1"

[[package]]
name = "aristo-cli"
version = "0.0.1"

[[package]]
name = "aristo-core"
version = "0.0.1"

[[package]]
name = "aristo-macros"
version = "0.0.1"
